
Microsoft Visual Studio Solution File, Format Version 12.00
# Visual Studio Version 16
VisualStudioVersion = 16.0.30804.86
MinimumVisualStudioVersion = 10.0.40219.1
Project("{9A19103F-16F7-4668-BE54-9A1E7A4F7556}") = "AsgardFramework.FasmManaged", "AsgardFramework.FasmManaged\AsgardFramework.FasmManaged.csproj", "{7F968E28-4FA0-40A7-B69B-891E99E8AE0F}"
EndProject
Project("{9A19103F-16F7-4668-BE54-9A1E7A4F7556}") = "AsgardFramework.Memory", "AsgardFramework.Memory\AsgardFramework.Memory.csproj", "{CF0466BA-96B9-4C4B-AAB8-CF5D5C172E78}"
EndProject
Project("{9A19103F-16F7-4668-BE54-9A1E7A4F7556}") = "AsgardFramework.CodeInject", "AsgardFramework.CodeInject\AsgardFramework.CodeInject.csproj", "{F9FF6FBB-0C34-4082-A5CF-3EDBB6EB35C0}"
EndProject
Project("{9A19103F-16F7-4668-BE54-9A1E7A4F7556}") = "AsgardFramework.DirectXObserver", "AsgardFramework.DirectXObserver\AsgardFramework.DirectXObserver.csproj", "{69AF9FB6-73F2-4BEC-9A98-197C39C5186C}"
EndProject
Project("{9A19103F-16F7-4668-BE54-9A1E7A4F7556}") = "AsgardFramework.WoWAPI", "AsgardFramework.WoWAPI\AsgardFramework.WoWAPI.csproj", "{63EEA64D-6F35-4823-987E-C0991841ECE9}"
EndProject
Project("{9A19103F-16F7-4668-BE54-9A1E7A4F7556}") = "AsgardFramework.UnitTests", "AsgardFramework.UnitTests\AsgardFramework.UnitTests.csproj", "{3B8A238A-59BE-44EF-A682-951A9D835F3B}"
EndProject
Project("{9A19103F-16F7-4668-BE54-9A1E7A4F7556}") = "AsgardFramework.DllWrapper", "AsgardFramework.DllWrapper\AsgardFramework.DllWrapper.csproj", "{1577A8A7-7C2E-4614-8FFE-1BA391F2441C}"
EndProject
Project("{8BC9CEB8-8B4A-11D0-8D11-00A0C91BC942}") = "AsgardFramework.WardenDefuser", "AsgardFramework.WardenDefuser\AsgardFramework.WardenDefuser.vcxproj", "{6EE631D5-6C19-4484-9E8D-D685FC7AC77D}"
EndProject
Project("{FAE04EC0-301F-11D3-BF4B-00C04F79EFBC}") = "AsgardFramework.AsgardLite", "AsgardFramework.AsgardLite\AsgardFramework.AsgardLite.csproj", "{20F183BB-17C9-411A-87F7-CD008F251F64}"
EndProject
Global
	GlobalSection(SolutionConfigurationPlatforms) = preSolution
		Debug|Any CPU = Debug|Any CPU
		Debug|x64 = Debug|x64
		Debug|x86 = Debug|x86
		Release|Any CPU = Release|Any CPU
		Release|x64 = Release|x64
		Release|x86 = Release|x86
	EndGlobalSection
	GlobalSection(ProjectConfigurationPlatforms) = postSolution
		{7F968E28-4FA0-40A7-B69B-891E99E8AE0F}.Debug|Any CPU.ActiveCfg = Debug|Any CPU
		{7F968E28-4FA0-40A7-B69B-891E99E8AE0F}.Debug|Any CPU.Build.0 = Debug|Any CPU
		{7F968E28-4FA0-40A7-B69B-891E99E8AE0F}.Debug|x64.ActiveCfg = Debug|Any CPU
		{7F968E28-4FA0-40A7-B69B-891E99E8AE0F}.Debug|x64.Build.0 = Debug|Any CPU
		{7F968E28-4FA0-40A7-B69B-891E99E8AE0F}.Debug|x86.ActiveCfg = Debug|x86
		{7F968E28-4FA0-40A7-B69B-891E99E8AE0F}.Debug|x86.Build.0 = Debug|x86
		{7F968E28-4FA0-40A7-B69B-891E99E8AE0F}.Release|Any CPU.ActiveCfg = Release|Any CPU
		{7F968E28-4FA0-40A7-B69B-891E99E8AE0F}.Release|Any CPU.Build.0 = Release|Any CPU
		{7F968E28-4FA0-40A7-B69B-891E99E8AE0F}.Release|x64.ActiveCfg = Release|Any CPU
		{7F968E28-4FA0-40A7-B69B-891E99E8AE0F}.Release|x64.Build.0 = Release|Any CPU
		{7F968E28-4FA0-40A7-B69B-891E99E8AE0F}.Release|x86.ActiveCfg = Release|x86
		{7F968E28-4FA0-40A7-B69B-891E99E8AE0F}.Release|x86.Build.0 = Release|x86
		{CF0466BA-96B9-4C4B-AAB8-CF5D5C172E78}.Debug|Any CPU.ActiveCfg = Debug|Any CPU
		{CF0466BA-96B9-4C4B-AAB8-CF5D5C172E78}.Debug|Any CPU.Build.0 = Debug|Any CPU
		{CF0466BA-96B9-4C4B-AAB8-CF5D5C172E78}.Debug|x64.ActiveCfg = Debug|Any CPU
		{CF0466BA-96B9-4C4B-AAB8-CF5D5C172E78}.Debug|x64.Build.0 = Debug|Any CPU
		{CF0466BA-96B9-4C4B-AAB8-CF5D5C172E78}.Debug|x86.ActiveCfg = Debug|x86
		{CF0466BA-96B9-4C4B-AAB8-CF5D5C172E78}.Debug|x86.Build.0 = Debug|x86
		{CF0466BA-96B9-4C4B-AAB8-CF5D5C172E78}.Release|Any CPU.ActiveCfg = Release|Any CPU
		{CF0466BA-96B9-4C4B-AAB8-CF5D5C172E78}.Release|Any CPU.Build.0 = Release|Any CPU
		{CF0466BA-96B9-4C4B-AAB8-CF5D5C172E78}.Release|x64.ActiveCfg = Release|Any CPU
		{CF0466BA-96B9-4C4B-AAB8-CF5D5C172E78}.Release|x64.Build.0 = Release|Any CPU
		{CF0466BA-96B9-4C4B-AAB8-CF5D5C172E78}.Release|x86.ActiveCfg = Release|x86
		{CF0466BA-96B9-4C4B-AAB8-CF5D5C172E78}.Release|x86.Build.0 = Release|x86
		{F9FF6FBB-0C34-4082-A5CF-3EDBB6EB35C0}.Debug|Any CPU.ActiveCfg = Debug|Any CPU
		{F9FF6FBB-0C34-4082-A5CF-3EDBB6EB35C0}.Debug|Any CPU.Build.0 = Debug|Any CPU
		{F9FF6FBB-0C34-4082-A5CF-3EDBB6EB35C0}.Debug|x64.ActiveCfg = Debug|Any CPU
		{F9FF6FBB-0C34-4082-A5CF-3EDBB6EB35C0}.Debug|x64.Build.0 = Debug|Any CPU
		{F9FF6FBB-0C34-4082-A5CF-3EDBB6EB35C0}.Debug|x86.ActiveCfg = Debug|x86
		{F9FF6FBB-0C34-4082-A5CF-3EDBB6EB35C0}.Debug|x86.Build.0 = Debug|x86
		{F9FF6FBB-0C34-4082-A5CF-3EDBB6EB35C0}.Release|Any CPU.ActiveCfg = Release|Any CPU
		{F9FF6FBB-0C34-4082-A5CF-3EDBB6EB35C0}.Release|Any CPU.Build.0 = Release|Any CPU
		{F9FF6FBB-0C34-4082-A5CF-3EDBB6EB35C0}.Release|x64.ActiveCfg = Release|Any CPU
		{F9FF6FBB-0C34-4082-A5CF-3EDBB6EB35C0}.Release|x64.Build.0 = Release|Any CPU
		{F9FF6FBB-0C34-4082-A5CF-3EDBB6EB35C0}.Release|x86.ActiveCfg = Release|x86
		{F9FF6FBB-0C34-4082-A5CF-3EDBB6EB35C0}.Release|x86.Build.0 = Release|x86
		{69AF9FB6-73F2-4BEC-9A98-197C39C5186C}.Debug|Any CPU.ActiveCfg = Debug|Any CPU
		{69AF9FB6-73F2-4BEC-9A98-197C39C5186C}.Debug|Any CPU.Build.0 = Debug|Any CPU
		{69AF9FB6-73F2-4BEC-9A98-197C39C5186C}.Debug|x64.ActiveCfg = Debug|Any CPU
		{69AF9FB6-73F2-4BEC-9A98-197C39C5186C}.Debug|x64.Build.0 = Debug|Any CPU
		{69AF9FB6-73F2-4BEC-9A98-197C39C5186C}.Debug|x86.ActiveCfg = Debug|x86
		{69AF9FB6-73F2-4BEC-9A98-197C39C5186C}.Debug|x86.Build.0 = Debug|x86
		{69AF9FB6-73F2-4BEC-9A98-197C39C5186C}.Release|Any CPU.ActiveCfg = Release|Any CPU
		{69AF9FB6-73F2-4BEC-9A98-197C39C5186C}.Release|Any CPU.Build.0 = Release|Any CPU
		{69AF9FB6-73F2-4BEC-9A98-197C39C5186C}.Release|x64.ActiveCfg = Release|Any CPU
		{69AF9FB6-73F2-4BEC-9A98-197C39C5186C}.Release|x64.Build.0 = Release|Any CPU
		{69AF9FB6-73F2-4BEC-9A98-197C39C5186C}.Release|x86.ActiveCfg = Release|x86
		{69AF9FB6-73F2-4BEC-9A98-197C39C5186C}.Release|x86.Build.0 = Release|x86
		{63EEA64D-6F35-4823-987E-C0991841ECE9}.Debug|Any CPU.ActiveCfg = Debug|Any CPU
		{63EEA64D-6F35-4823-987E-C0991841ECE9}.Debug|Any CPU.Build.0 = Debug|Any CPU
		{63EEA64D-6F35-4823-987E-C0991841ECE9}.Debug|x64.ActiveCfg = Debug|Any CPU
		{63EEA64D-6F35-4823-987E-C0991841ECE9}.Debug|x64.Build.0 = Debug|Any CPU
		{63EEA64D-6F35-4823-987E-C0991841ECE9}.Debug|x86.ActiveCfg = Debug|x86
		{63EEA64D-6F35-4823-987E-C0991841ECE9}.Debug|x86.Build.0 = Debug|x86
		{63EEA64D-6F35-4823-987E-C0991841ECE9}.Release|Any CPU.ActiveCfg = Release|Any CPU
		{63EEA64D-6F35-4823-987E-C0991841ECE9}.Release|Any CPU.Build.0 = Release|Any CPU
		{63EEA64D-6F35-4823-987E-C0991841ECE9}.Release|x64.ActiveCfg = Release|Any CPU
		{63EEA64D-6F35-4823-987E-C0991841ECE9}.Release|x64.Build.0 = Release|Any CPU
		{63EEA64D-6F35-4823-987E-C0991841ECE9}.Release|x86.ActiveCfg = Release|x86
		{63EEA64D-6F35-4823-987E-C0991841ECE9}.Release|x86.Build.0 = Release|x86
		{3B8A238A-59BE-44EF-A682-951A9D835F3B}.Debug|Any CPU.ActiveCfg = Debug|Any CPU
		{3B8A238A-59BE-44EF-A682-951A9D835F3B}.Debug|Any CPU.Build.0 = Debug|Any CPU
		{3B8A238A-59BE-44EF-A682-951A9D835F3B}.Debug|x64.ActiveCfg = Debug|Any CPU
		{3B8A238A-59BE-44EF-A682-951A9D835F3B}.Debug|x64.Build.0 = Debug|Any CPU
		{3B8A238A-59BE-44EF-A682-951A9D835F3B}.Debug|x86.ActiveCfg = Debug|Any CPU
		{3B8A238A-59BE-44EF-A682-951A9D835F3B}.Debug|x86.Build.0 = Debug|Any CPU
		{3B8A238A-59BE-44EF-A682-951A9D835F3B}.Release|Any CPU.ActiveCfg = Release|Any CPU
		{3B8A238A-59BE-44EF-A682-951A9D835F3B}.Release|Any CPU.Build.0 = Release|Any CPU
		{3B8A238A-59BE-44EF-A682-951A9D835F3B}.Release|x64.ActiveCfg = Release|Any CPU
		{3B8A238A-59BE-44EF-A682-951A9D835F3B}.Release|x64.Build.0 = Release|Any CPU
		{3B8A238A-59BE-44EF-A682-951A9D835F3B}.Release|x86.ActiveCfg = Release|Any CPU
		{3B8A238A-59BE-44EF-A682-951A9D835F3B}.Release|x86.Build.0 = Release|Any CPU
		{1577A8A7-7C2E-4614-8FFE-1BA391F2441C}.Debug|Any CPU.ActiveCfg = Debug|Any CPU
		{1577A8A7-7C2E-4614-8FFE-1BA391F2441C}.Debug|Any CPU.Build.0 = Debug|Any CPU
		{1577A8A7-7C2E-4614-8FFE-1BA391F2441C}.Debug|x64.ActiveCfg = Debug|Any CPU
		{1577A8A7-7C2E-4614-8FFE-1BA391F2441C}.Debug|x64.Build.0 = Debug|Any CPU
		{1577A8A7-7C2E-4614-8FFE-1BA391F2441C}.Debug|x86.ActiveCfg = Debug|Any CPU
		{1577A8A7-7C2E-4614-8FFE-1BA391F2441C}.Debug|x86.Build.0 = Debug|Any CPU
		{1577A8A7-7C2E-4614-8FFE-1BA391F2441C}.Release|Any CPU.ActiveCfg = Release|Any CPU
		{1577A8A7-7C2E-4614-8FFE-1BA391F2441C}.Release|Any CPU.Build.0 = Release|Any CPU
		{1577A8A7-7C2E-4614-8FFE-1BA391F2441C}.Release|x64.ActiveCfg = Release|Any CPU
		{1577A8A7-7C2E-4614-8FFE-1BA391F2441C}.Release|x64.Build.0 = Release|Any CPU
		{1577A8A7-7C2E-4614-8FFE-1BA391F2441C}.Release|x86.ActiveCfg = Release|x86
		{1577A8A7-7C2E-4614-8FFE-1BA391F2441C}.Release|x86.Build.0 = Release|x86
		{6EE631D5-6C19-4484-9E8D-D685FC7AC77D}.Debug|Any CPU.ActiveCfg = Debug|Win32
		{6EE631D5-6C19-4484-9E8D-D685FC7AC77D}.Debug|x64.ActiveCfg = Debug|x64
		{6EE631D5-6C19-4484-9E8D-D685FC7AC77D}.Debug|x64.Build.0 = Debug|x64
		{6EE631D5-6C19-4484-9E8D-D685FC7AC77D}.Debug|x86.ActiveCfg = Debug|Win32
		{6EE631D5-6C19-4484-9E8D-D685FC7AC77D}.Debug|x86.Build.0 = Debug|Win32
		{6EE631D5-6C19-4484-9E8D-D685FC7AC77D}.Release|Any CPU.ActiveCfg = Release|Win32
		{6EE631D5-6C19-4484-9E8D-D685FC7AC77D}.Release|x64.ActiveCfg = Release|x64
		{6EE631D5-6C19-4484-9E8D-D685FC7AC77D}.Release|x64.Build.0 = Release|x64
		{6EE631D5-6C19-4484-9E8D-D685FC7AC77D}.Release|x86.ActiveCfg = Release|Win32
		{6EE631D5-6C19-4484-9E8D-D685FC7AC77D}.Release|x86.Build.0 = Release|Win32
		{20F183BB-17C9-411A-87F7-CD008F251F64}.Debug|Any CPU.ActiveCfg = Debug|Any CPU
		{20F183BB-17C9-411A-87F7-CD008F251F64}.Debug|Any CPU.Build.0 = Debug|Any CPU
		{20F183BB-17C9-411A-87F7-CD008F251F64}.Debug|x64.ActiveCfg = Debug|Any CPU
		{20F183BB-17C9-411A-87F7-CD008F251F64}.Debug|x64.Build.0 = Debug|Any CPU
		{20F183BB-17C9-411A-87F7-CD008F251F64}.Debug|x86.ActiveCfg = Debug|Any CPU
		{20F183BB-17C9-411A-87F7-CD008F251F64}.Debug|x86.Build.0 = Debug|Any CPU
		{20F183BB-17C9-411A-87F7-CD008F251F64}.Release|Any CPU.ActiveCfg = Release|Any CPU
		{20F183BB-17C9-411A-87F7-CD008F251F64}.Release|Any CPU.Build.0 = Release|Any CPU
		{20F183BB-17C9-411A-87F7-CD008F251F64}.Release|x64.ActiveCfg = Release|Any CPU
		{20F183BB-17C9-411A-87F7-CD008F251F64}.Release|x64.Build.0 = Release|Any CPU
		{20F183BB-17C9-411A-87F7-CD008F251F64}.Release|x86.ActiveCfg = Release|Any CPU
		{20F183BB-17C9-411A-87F7-CD008F251F64}.Release|x86.Build.0 = Release|Any CPU
	EndGlobalSection
	GlobalSection(SolutionProperties) = preSolution
		HideSolutionNode = FALSE
	EndGlobalSection
	GlobalSection(ExtensibilityGlobals) = postSolution
		SolutionGuid = {BE8513BE-5A3C-469E-A503-E1E233AD04C6}
	EndGlobalSection
EndGlobal
